// !$*UTF8*$!
{
	archiveVersion = 1;
	classes = {
	};
	objectVersion = 50;
	objects = {

/* Begin PBXBuildFile section */
		952797122496D1DA00566DFA /* AppDelegate.swift in Sources */ = {isa = PBXBuildFile; fileRef = 952797112496D1DA00566DFA /* AppDelegate.swift */; };
		952797142496D1DA00566DFA /* SceneDelegate.swift in Sources */ = {isa = PBXBuildFile; fileRef = 952797132496D1DA00566DFA /* SceneDelegate.swift */; };
		952797162496D1DA00566DFA /* ViewController.swift in Sources */ = {isa = PBXBuildFile; fileRef = 952797152496D1DA00566DFA /* ViewController.swift */; };
		952797192496D1DA00566DFA /* Main.storyboard in Resources */ = {isa = PBXBuildFile; fileRef = 952797172496D1DA00566DFA /* Main.storyboard */; };
		9527971B2496D1DB00566DFA /* Assets.xcassets in Resources */ = {isa = PBXBuildFile; fileRef = 9527971A2496D1DB00566DFA /* Assets.xcassets */; };
		9527971E2496D1DB00566DFA /* LaunchScreen.storyboard in Resources */ = {isa = PBXBuildFile; fileRef = 9527971C2496D1DB00566DFA /* LaunchScreen.storyboard */; };
/* End PBXBuildFile section */

/* Begin PBXFileReference section */
		9527970E2496D1DA00566DFA /* DrawingWithPencil.app */ = {isa = PBXFileReference; explicitFileType = wrapper.application; includeInIndex = 0; path = DrawingWithPencil.app; sourceTree = BUILT_PRODUCTS_DIR; };
		952797112496D1DA00566DFA /* AppDelegate.swift */ = {isa = PBXFileReference; lastKnownFileType = sourcecode.swift; path = AppDelegate.swift; sourceTree = "<group>"; };
		952797132496D1DA00566DFA /* SceneDelegate.swift */ = {isa = PBXFileReference; lastKnownFileType = sourcecode.swift; path = SceneDelegate.swift; sourceTree = "<group>"; };
		952797152496D1DA00566DFA /* ViewController.swift */ = {isa = PBXFileReference; lastKnownFileType = sourcecode.swift; path = ViewController.swift; sourceTree = "<group>"; };
		952797182496D1DA00566DFA /* Base */ = {isa = PBXFileReference; lastKnownFileType = file.storyboard; name = Base; path = Base.lproj/Main.storyboard; sourceTree = "<group>"; };
		9527971A2496D1DB00566DFA /* Assets.xcassets */ = {isa = PBXFileReference; lastKnownFileType = folder.assetcatalog; path = Assets.xcassets; sourceTree = "<group>"; };
		9527971D2496D1DB00566DFA /* Base */ = {isa = PBXFileReference; lastKnownFileType = file.storyboard; name = Base; path = Base.lproj/LaunchScreen.storyboard; sourceTree = "<group>"; };
		9527971F2496D1DB00566DFA /* Info.plist */ = {isa = PBXFileReference; lastKnownFileType = text.plist.xml; path = Info.plist; sourceTree = "<group>"; };
/* End PBXFileReference section */

/* Begin PBXFrameworksBuildPhase section */
		9527970B2496D1DA00566DFA /* Frameworks */ = {
			isa = PBXFrameworksBuildPhase;
			buildActionMask = 2147483647;
			files = (
			);
			runOnlyForDeploymentPostprocessing = 0;
		};
/* End PBXFrameworksBuildPhase section */

/* Begin PBXGroup section */
		952797052496D1DA00566DFA = {
			isa = PBXGroup;
			children = (
				952797102496D1DA00566DFA /* DrawingWithPencil */,
				9527970F2496D1DA00566DFA /* Products */,
			);
			sourceTree = "<group>";
		};
		9527970F2496D1DA00566DFA /* Products */ = {
			isa = PBXGroup;
			children = (
				9527970E2496D1DA00566DFA /* DrawingWithPencil.app */,
			);
			name = Products;
			sourceTree = "<group>";
		};
		952797102496D1DA00566DFA /* DrawingWithPencil */ = {
			isa = PBXGroup;
			children = (
				952797112496D1DA00566DFA /* AppDelegate.swift */,
				952797132496D1DA00566DFA /* SceneDelegate.swift */,
				952797152496D1DA00566DFA /* ViewController.swift */,
				952797172496D1DA00566DFA /* Main.storyboard */,
				9527971A2496D1DB00566DFA /* Assets.xcassets */,
				9527971C2496D1DB00566DFA /* LaunchScreen.storyboard */,
				9527971F2496D1DB00566DFA /* Info.plist */,
			);
			path = DrawingWithPencil;
			sourceTree = "<group>";
		};
/* End PBXGroup section */

/* Begin PBXNativeTarget section */
		9527970D2496D1DA00566DFA /* DrawingWithPencil */ = {
			isa = PBXNativeTarget;
			buildConfigurationList = 952797222496D1DB00566DFA /* Build configuration list for PBXNativeTarget "DrawingWithPencil" */;
			buildPhases = (
				9527970A2496D1DA00566DFA /* Sources */,
				9527970B2496D1DA00566DFA /* Frameworks */,
				9527970C2496D1DA00566DFA /* Resources */,
			);
			buildRules = (
			);
			dependencies = (
			);
			name = DrawingWithPencil;
			productName = DrawingWithPencil;
			productReference = 9527970E2496D1DA00566DFA /* DrawingWithPencil.app */;
			productType = "com.apple.product-type.application";
		};
/* End PBXNativeTarget section */

/* Begin PBXProject section */
		952797062496D1DA00566DFA /* Project object */ = {
			isa = PBXProject;
			attributes = {
				LastSwiftUpdateCheck = 1150;
				LastUpgradeCheck = 1150;
				ORGANIZATIONNAME = "Lucas Dahl";
				TargetAttributes = {
					9527970D2496D1DA00566DFA = {
						CreatedOnToolsVersion = 11.5;
					};
				};
			};
			buildConfigurationList = 952797092496D1DA00566DFA /* Build configuration list for PBXProject "DrawingWithPencil" */;
			compatibilityVersion = "Xcode 9.3";
			developmentRegion = en;
			hasScannedForEncodings = 0;
			knownRegions = (
				en,
				Base,
			);
			mainGroup = 952797052496D1DA00566DFA;
			productRefGroup = 9527970F2496D1DA00566DFA /* Products */;
			projectDirPath = "";
			projectRoot = "";
			targets = (
				9527970D2496D1DA00566DFA /* DrawingWithPencil */,
			);
		};
/* End PBXProject section */

/* Begin PBXResourcesBuildPhase section */
		9527970C2496D1DA00566DFA /* Resources */ = {
			isa = PBXResourcesBuildPhase;
			buildActionMask = 2147483647;
			files = (
				9527971E2496D1DB00566DFA /* LaunchScreen.storyboard in Resources */,
				9527971B2496D1DB00566DFA /* Assets.xcassets in Resources */,
				952797192496D1DA00566DFA /* Main.storyboard in Resources */,
			);
			runOnlyForDeploymentPostprocessing = 0;
		};
/* End PBXResourcesBuildPhase section */

/* Begin PBXSourcesBuildPhase section */
		9527970A2496D1DA00566DFA /* Sources */ = {
			isa = PBXSourcesBuildPhase;
			buildActionMask = 2147483647;
			files = (
				952797162496D1DA00566DFA /* ViewController.swift in Sources */,
				952797122496D1DA00566DFA /* AppDelegate.swift in Sources */,
				952797142496D1DA00566DFA /* SceneDelegate.swift in Sources */,
			);
			runOnlyForDeploymentPostprocessing = 0;
		};
/* End PBXSourcesBuildPhase section */

/* Begin PBXVariantGroup section */
		952797172496D1DA00566DFA /* Main.storyboard */ = {
			isa = PBXVariantGroup;
			children = (
				952797182496D1DA00566DFA /* Base */,
			);
			name = Main.storyboard;
			sourceTree = "<group>";
		};
		9527971C2496D1DB00566DFA /* LaunchScreen.storyboard */ = {
			isa = PBXVariantGroup;
			children = (
				9527971D2496D1DB00566DFA /* Base */,
			);
			name = LaunchScreen.storyboard;
			sourceTree = "<group>";
		};
/* End PBXVariantGroup section */

/* Begin XCBuildConfiguration section */
		952797202496D1DB00566DFA /* Debug */ = {
			isa = XCBuildConfiguration;
			buildSettings = {
				ALWAYS_SEARCH_USER_PATHS = NO;
				CLANG_ANALYZER_NONNULL = YES;
				CLANG_ANALYZER_NUMBER_OBJECT_CONVERSION = YES_AGGRESSIVE;
				CLANG_CXX_LANGUAGE_STANDARD = "gnu++14";
				CLANG_CXX_LIBRARY = "libc++";
				CLANG_ENABLE_MODULES = YES;
				CLANG_ENABLE_OBJC_ARC = YES;
				CLANG_ENABLE_OBJC_WEAK = YES;
				CLANG_WARN_BLOCK_CAPTURE_AUTORELEASING = YES;
				CLANG_WARN_BOOL_CONVERSION = YES;
				CLANG_WARN_COMMA = YES;
				CLANG_WARN_CONSTANT_CONVERSION = YES;
				CLANG_WARN_DEPRECATED_OBJC_IMPLEMENTATIONS = YES;
				CLANG_WARN_DIRECT_OBJC_ISA_USAGE = YES_ERROR;
				CLANG_WARN_DOCUMENTATION_COMMENTS = YES;
				CLANG_WARN_EMPTY_BODY = YES;
				CLANG_WARN_ENUM_CONVERSION = YES;
				CLANG_WARN_INFINITE_RECURSION = YES;
				CLANG_WARN_INT_CONVERSION = YES;
				CLANG_WARN_NON_LITERAL_NULL_CONVERSION = YES;
				CLANG_WARN_OBJC_IMPLICIT_RETAIN_SELF = YES;
				CLANG_WARN_OBJC_LITERAL_CONVERSION = YES;
				CLANG_WARN_OBJC_ROOT_CLASS = YES_ERROR;
				CLANG_WARN_RANGE_LOOP_ANALYSIS = YES;
				CLANG_WARN_STRICT_PROTOTYPES = YES;
				CLANG_WARN_SUSPICIOUS_MOVE = YES;
				CLANG_WARN_UNGUARDED_AVAILABILITY = YES_AGGRESSIVE;
				CLANG_WARN_UNREACHABLE_CODE = YES;
				CLANG_WARN__DUPLICATE_METHOD_MATCH = YES;
				COPY_PHASE_STRIP = NO;
				DEBUG_INFORMATION_FORMAT = dwarf;
				ENABLE_STRICT_OBJC_MSGSEND = YES;
				ENABLE_TESTABILITY = YES;
				GCC_C_LANGUAGE_STANDARD = gnu11;
				GCC_DYNAMIC_NO_PIC = NO;
				GCC_NO_COMMON_BLOCKS = YES;
				GCC_OPTIMIZATION_LEVEL = 0;
				GCC_PREPROCESSOR_DEFINITIONS = (
					"DEBUG=1",
					"$(inherited)",
				);
				GCC_WARN_64_TO_32_BIT_CONVERSION = YES;
				GCC_WARN_ABOUT_RETURN_TYPE = YES_ERROR;
				GCC_WARN_UNDECLARED_SELECTOR = YES;
				GCC_WARN_UNINITIALIZED_AUTOS = YES_AGGRESSIVE;
				GCC_WARN_UNUSED_FUNCTION = YES;
				GCC_WARN_UNUSED_VARIABLE = YES;
				IPHONEOS_DEPLOYMENT_TARGET = 13.5;
				MTL_ENABLE_DEBUG_INFO = INCLUDE_SOURCE;
				MTL_FAST_MATH = YES;
				ONLY_ACTIVE_ARCH = YES;
				SDKROOT = iphoneos;
				SWIFT_ACTIVE_COMPILATION_CONDITIONS = DEBUG;
				SWIFT_OPTIMIZATION_LEVEL = "-Onone";
			};
			name = Debug;
		};
		952797212496D1DB00566DFA /* Release */ = {
			isa = XCBuildConfiguration;
			buildSettings = {
				ALWAYS_SEARCH_USER_PATHS = NO;
				CLANG_ANALYZER_NONNULL = YES;
				CLANG_ANALYZER_NUMBER_OBJECT_CONVERSION = YES_AGGRESSIVE;
				CLANG_CXX_LANGUAGE_STANDARD = "gnu++14";
				CLANG_CXX_LIBRARY = "libc++";
				CLANG_ENABLE_MODULES = YES;
				CLANG_ENABLE_OBJC_ARC = YES;
				CLANG_ENABLE_OBJC_WEAK = YES;
				CLANG_WARN_BLOCK_CAPTURE_AUTORELEASING = YES;
				CLANG_WARN_BOOL_CONVERSION = YES;
				CLANG_WARN_COMMA = YES;
				CLANG_WARN_CONSTANT_CONVERSION = YES;
				CLANG_WARN_DEPRECATED_OBJC_IMPLEMENTATIONS = YES;
				CLANG_WARN_DIRECT_OBJC_ISA_USAGE = YES_ERROR;
				CLANG_WARN_DOCUMENTATION_COMMENTS = YES;
				CLANG_WARN_EMPTY_BODY = YES;
				CLANG_WARN_ENUM_CONVERSION = YES;
				CLANG_WARN_INFINITE_RECURSION = YES;
				CLANG_WARN_INT_CONVERSION = YES;
				CLANG_WARN_NON_LITERAL_NULL_CONVERSION = YES;
				CLANG_WARN_OBJC_IMPLICIT_RETAIN_SELF = YES;
				CLANG_WARN_OBJC_LITERAL_CONVERSION = YES;
				CLANG_WARN_OBJC_ROOT_CLASS = YES_ERROR;
				CLANG_WARN_RANGE_LOOP_ANALYSIS = YES;
				CLANG_WARN_STRICT_PROTOTYPES = YES;
				CLANG_WARN_SUSPICIOUS_MOVE = YES;
				CLANG_WARN_UNGUARDED_AVAILABILITY = YES_AGGRESSIVE;
				CLANG_WARN_UNREACHABLE_CODE = YES;
				CLANG_WARN__DUPLICATE_METHOD_MATCH = YES;
				COPY_PHASE_STRIP = NO;
				DEBUG_INFORMATION_FORMAT = "dwarf-with-dsym";
				ENABLE_NS_ASSERTIONS = NO;
				ENABLE_STRICT_OBJC_MSGSEND = YES;
				GCC_C_LANGUAGE_STANDARD = gnu11;
				GCC_NO_COMMON_BLOCKS = YES;
				GCC_WARN_64_TO_32_BIT_CONVERSION = YES;
				GCC_WARN_ABOUT_RETURN_TYPE = YES_ERROR;
				GCC_WARN_UNDECLARED_SELECTOR = YES;
				GCC_WARN_UNINITIALIZED_AUTOS = YES_AGGRESSIVE;
				GCC_WARN_UNUSED_FUNCTION = YES;
				GCC_WARN_UNUSED_VARIABLE = YES;
				IPHONEOS_DEPLOYMENT_TARGET = 13.5;
				MTL_ENABLE_DEBUG_INFO = NO;
				MTL_FAST_MATH = YES;
				SDKROOT = iphoneos;
				SWIFT_COMPILATION_MODE = wholemodule;
				SWIFT_OPTIMIZATION_LEVEL = "-O";
				VALIDATE_PRODUCT = YES;
			};
			name = Release;
		};
		952797232496D1DB00566DFA /* Debug */ = {
			isa = XCBuildConfiguration;
			buildSettings = {
				ASSETCATALOG_COMPILER_APPICON_NAME = AppIcon;
				CODE_SIGN_STYLE = Automatic;
				DEVELOPMENT_TEAM = CW7RK4BNJW;
				INFOPLIST_FILE = DrawingWithPencil/Info.plist;
				LD_RUNPATH_SEARCH_PATHS = (
					"$(inherited)",
					"@executable_path/Frameworks",
				);
				PRODUCT_BUNDLE_IDENTIFIER = com.lucas.DrawingWithPencil;
				PRODUCT_NAME = "$(TARGET_NAME)";
				SWIFT_VERSION = 5.0;
				TARGETED_DEVICE_FAMILY = "1,2";
			};
			name = Debug;
		};
		952797242496D1DB00566DFA /* Release */ = {
			isa = XCBuildConfiguration;
			buildSettings = {
				ASSETCATALOG_COMPILER_APPICON_NAME = AppIcon;
				CODE_SIGN_STYLE = Automatic;
				DEVELOPMENT_TEAM = CW7RK4BNJW;
				INFOPLIST_FILE = DrawingWithPencil/Info.plist;
				LD_RUNPATH_SEARCH_PATHS = (
					"$(inherited)",
					"@executable_path/Frameworks",
				);
				PRODUCT_BUNDLE_IDENTIFIER = com.lucas.DrawingWithPencil;
				PRODUCT_NAME = "$(TARGET_NAME)";
				SWIFT_VERSION = 5.0;
				TARGETED_DEVICE_FAMILY = "1,2";
			};
			name = Release;
		};
/* End XCBuildConfiguration section */

/* Begin XCConfigurationList section */
		952797092496D1DA00566DFA /* Build configuration list for PBXProject "DrawingWithPencil" */ = {
			isa = XCConfigurationList;
			buildConfigurations = (
				952797202496D1DB00566DFA /* Debug */,
				952797212496D1DB00566DFA /* Release */,
			);
			defaultConfigurationIsVisible = 0;
			defaultConfigurationName = Release;
		};
		952797222496D1DB00566DFA /* Build configuration list for PBXNativeTarget "DrawingWithPencil" */ = {
			isa = XCConfigurationList;
			buildConfigurations = (
				952797232496D1DB00566DFA /* Debug */,
				952797242496D1DB00566DFA /* Release */,
			);
			defaultConfigurationIsVisible = 0;
			defaultConfigurationName = Release;
		};
/* End XCConfigurationList section */
	};
	rootObject = 952797062496D1DA00566DFA /* Project object */;
}
